// !$*UTF8*$!
{
	archiveVersion = 1;
	classes = {
	};
	objectVersion = 51;
	objects = {

/* Begin PBXBuildFile section */
		8A1C3FDD2333801C004A98AB /* AppDelegate.swift in Sources */ = {isa = PBXBuildFile; fileRef = 8A1C3FDC2333801C004A98AB /* AppDelegate.swift */; };
		8A1C3FDF2333801C004A98AB /* ViewController.swift in Sources */ = {isa = PBXBuildFile; fileRef = 8A1C3FDE2333801C004A98AB /* ViewController.swift */; };
		8A1C3FE22333801C004A98AB /* Viper.xcdatamodeld in Sources */ = {isa = PBXBuildFile; fileRef = 8A1C3FE02333801C004A98AB /* Viper.xcdatamodeld */; };
		8A1C3FE42333801C004A98AB /* Assets.xcassets in Resources */ = {isa = PBXBuildFile; fileRef = 8A1C3FE32333801C004A98AB /* Assets.xcassets */; };
		8A1C3FE72333801C004A98AB /* Main.storyboard in Resources */ = {isa = PBXBuildFile; fileRef = 8A1C3FE52333801C004A98AB /* Main.storyboard */; };
		8A1C3FF12333826B004A98AB /* Wireframe.mustache in Resources */ = {isa = PBXBuildFile; fileRef = 8A1C3FF02333826B004A98AB /* Wireframe.mustache */; };
		8A1C3FF5233386ED004A98AB /* Interactor.mustache in Resources */ = {isa = PBXBuildFile; fileRef = 8A1C3FF4233386ED004A98AB /* Interactor.mustache */; };
		8A1C3FF723338700004A98AB /* Presenter.mustache in Resources */ = {isa = PBXBuildFile; fileRef = 8A1C3FF623338700004A98AB /* Presenter.mustache */; };
		8A1C3FF923338715004A98AB /* ViewController.mustache in Resources */ = {isa = PBXBuildFile; fileRef = 8A1C3FF823338715004A98AB /* ViewController.mustache */; };
		8A1C3FFB23338775004A98AB /* ModuleInterface.mustache in Resources */ = {isa = PBXBuildFile; fileRef = 8A1C3FFA23338775004A98AB /* ModuleInterface.mustache */; };
		8A1C3FFF233387BB004A98AB /* InteractorIO.mustache in Resources */ = {isa = PBXBuildFile; fileRef = 8A1C3FFE233387BB004A98AB /* InteractorIO.mustache */; };
		8A1C4001233387D4004A98AB /* ViewInterface.mustache in Resources */ = {isa = PBXBuildFile; fileRef = 8A1C4000233387D4004A98AB /* ViewInterface.mustache */; };
		8A1C400323339135004A98AB /* BackHandler.mustache in Resources */ = {isa = PBXBuildFile; fileRef = 8A1C400223339135004A98AB /* BackHandler.mustache */; };
		8A1C400623339280004A98AB /* FileCreator.swift in Sources */ = {isa = PBXBuildFile; fileRef = 8A1C400523339280004A98AB /* FileCreator.swift */; };
		8A1C400823339351004A98AB /* TemplateType.swift in Sources */ = {isa = PBXBuildFile; fileRef = 8A1C400723339351004A98AB /* TemplateType.swift */; };
		92478E195E3E78A77F924E1E /* Pods_Viper.framework in Frameworks */ = {isa = PBXBuildFile; fileRef = B3A3B4C87B0F74383B9A1641 /* Pods_Viper.framework */; };
/* End PBXBuildFile section */

/* Begin PBXFileReference section */
		37173E15DE534DFC94D250E0 /* Pods-Viper.release.xcconfig */ = {isa = PBXFileReference; includeInIndex = 1; lastKnownFileType = text.xcconfig; name = "Pods-Viper.release.xcconfig"; path = "Target Support Files/Pods-Viper/Pods-Viper.release.xcconfig"; sourceTree = "<group>"; };
		8A1C3FD92333801C004A98AB /* Viper.app */ = {isa = PBXFileReference; explicitFileType = wrapper.application; includeInIndex = 0; path = Viper.app; sourceTree = BUILT_PRODUCTS_DIR; };
		8A1C3FDC2333801C004A98AB /* AppDelegate.swift */ = {isa = PBXFileReference; lastKnownFileType = sourcecode.swift; path = AppDelegate.swift; sourceTree = "<group>"; };
		8A1C3FDE2333801C004A98AB /* ViewController.swift */ = {isa = PBXFileReference; lastKnownFileType = sourcecode.swift; path = ViewController.swift; sourceTree = "<group>"; };
		8A1C3FE12333801C004A98AB /* Viper.xcdatamodel */ = {isa = PBXFileReference; lastKnownFileType = wrapper.xcdatamodel; path = Viper.xcdatamodel; sourceTree = "<group>"; };
		8A1C3FE32333801C004A98AB /* Assets.xcassets */ = {isa = PBXFileReference; lastKnownFileType = folder.assetcatalog; path = Assets.xcassets; sourceTree = "<group>"; };
		8A1C3FE62333801C004A98AB /* Base */ = {isa = PBXFileReference; lastKnownFileType = file.storyboard; name = Base; path = Base.lproj/Main.storyboard; sourceTree = "<group>"; };
		8A1C3FE82333801C004A98AB /* Info.plist */ = {isa = PBXFileReference; lastKnownFileType = text.plist.xml; path = Info.plist; sourceTree = "<group>"; };
		8A1C3FE92333801C004A98AB /* Viper.entitlements */ = {isa = PBXFileReference; lastKnownFileType = text.plist.entitlements; path = Viper.entitlements; sourceTree = "<group>"; };
		8A1C3FF02333826B004A98AB /* Wireframe.mustache */ = {isa = PBXFileReference; lastKnownFileType = text; path = Wireframe.mustache; sourceTree = "<group>"; };
		8A1C3FF4233386ED004A98AB /* Interactor.mustache */ = {isa = PBXFileReference; lastKnownFileType = text; path = Interactor.mustache; sourceTree = "<group>"; };
		8A1C3FF623338700004A98AB /* Presenter.mustache */ = {isa = PBXFileReference; lastKnownFileType = text; path = Presenter.mustache; sourceTree = "<group>"; };
		8A1C3FF823338715004A98AB /* ViewController.mustache */ = {isa = PBXFileReference; lastKnownFileType = text; path = ViewController.mustache; sourceTree = "<group>"; };
		8A1C3FFA23338775004A98AB /* ModuleInterface.mustache */ = {isa = PBXFileReference; lastKnownFileType = text; path = ModuleInterface.mustache; sourceTree = "<group>"; };
		8A1C3FFE233387BB004A98AB /* InteractorIO.mustache */ = {isa = PBXFileReference; lastKnownFileType = text; path = InteractorIO.mustache; sourceTree = "<group>"; };
		8A1C4000233387D4004A98AB /* ViewInterface.mustache */ = {isa = PBXFileReference; lastKnownFileType = text; path = ViewInterface.mustache; sourceTree = "<group>"; };
		8A1C400223339135004A98AB /* BackHandler.mustache */ = {isa = PBXFileReference; lastKnownFileType = text; path = BackHandler.mustache; sourceTree = "<group>"; };
		8A1C400523339280004A98AB /* FileCreator.swift */ = {isa = PBXFileReference; lastKnownFileType = sourcecode.swift; path = FileCreator.swift; sourceTree = "<group>"; };
		8A1C400723339351004A98AB /* TemplateType.swift */ = {isa = PBXFileReference; lastKnownFileType = sourcecode.swift; path = TemplateType.swift; sourceTree = "<group>"; };
		B3A3B4C87B0F74383B9A1641 /* Pods_Viper.framework */ = {isa = PBXFileReference; explicitFileType = wrapper.framework; includeInIndex = 0; path = Pods_Viper.framework; sourceTree = BUILT_PRODUCTS_DIR; };
		D1C09379F856E0507BDF9EF3 /* Pods-Viper.debug.xcconfig */ = {isa = PBXFileReference; includeInIndex = 1; lastKnownFileType = text.xcconfig; name = "Pods-Viper.debug.xcconfig"; path = "Target Support Files/Pods-Viper/Pods-Viper.debug.xcconfig"; sourceTree = "<group>"; };
/* End PBXFileReference section */

/* Begin PBXFrameworksBuildPhase section */
		8A1C3FD62333801C004A98AB /* Frameworks */ = {
			isa = PBXFrameworksBuildPhase;
			buildActionMask = 2147483647;
			files = (
				92478E195E3E78A77F924E1E /* Pods_Viper.framework in Frameworks */,
			);
			runOnlyForDeploymentPostprocessing = 0;
		};
/* End PBXFrameworksBuildPhase section */

/* Begin PBXGroup section */
		8A1C3FD02333801C004A98AB = {
			isa = PBXGroup;
			children = (
				8A1C3FEF2333823B004A98AB /* Templates */,
				8A1C3FDB2333801C004A98AB /* Viper */,
				8A1C3FDA2333801C004A98AB /* Products */,
				BCF7EC1707B77B46666118BC /* Pods */,
				B3A34EA780FA59764A16D51C /* Frameworks */,
			);
			sourceTree = "<group>";
		};
		8A1C3FDA2333801C004A98AB /* Products */ = {
			isa = PBXGroup;
			children = (
				8A1C3FD92333801C004A98AB /* Viper.app */,
			);
			name = Products;
			sourceTree = "<group>";
		};
		8A1C3FDB2333801C004A98AB /* Viper */ = {
			isa = PBXGroup;
			children = (
				8A1C400423339250004A98AB /* TemplateUtils */,
				8A1C3FDC2333801C004A98AB /* AppDelegate.swift */,
				8A1C3FDE2333801C004A98AB /* ViewController.swift */,
				8A1C3FE32333801C004A98AB /* Assets.xcassets */,
				8A1C3FE52333801C004A98AB /* Main.storyboard */,
				8A1C3FE82333801C004A98AB /* Info.plist */,
				8A1C3FE92333801C004A98AB /* Viper.entitlements */,
				8A1C3FE02333801C004A98AB /* Viper.xcdatamodeld */,
			);
			path = Viper;
			sourceTree = "<group>";
		};
		8A1C3FEF2333823B004A98AB /* Templates */ = {
			isa = PBXGroup;
			children = (
				8A1C3FF02333826B004A98AB /* Wireframe.mustache */,
				8A1C3FF4233386ED004A98AB /* Interactor.mustache */,
				8A1C3FF623338700004A98AB /* Presenter.mustache */,
				8A1C3FF823338715004A98AB /* ViewController.mustache */,
				8A1C3FFA23338775004A98AB /* ModuleInterface.mustache */,
				8A1C3FFE233387BB004A98AB /* InteractorIO.mustache */,
				8A1C4000233387D4004A98AB /* ViewInterface.mustache */,
				8A1C400223339135004A98AB /* BackHandler.mustache */,
			);
			path = Templates;
			sourceTree = "<group>";
		};
		8A1C400423339250004A98AB /* TemplateUtils */ = {
			isa = PBXGroup;
			children = (
				8A1C400523339280004A98AB /* FileCreator.swift */,
				8A1C400723339351004A98AB /* TemplateType.swift */,
			);
			path = TemplateUtils;
			sourceTree = "<group>";
		};
		B3A34EA780FA59764A16D51C /* Frameworks */ = {
			isa = PBXGroup;
			children = (
				B3A3B4C87B0F74383B9A1641 /* Pods_Viper.framework */,
			);
			name = Frameworks;
			sourceTree = "<group>";
		};
		BCF7EC1707B77B46666118BC /* Pods */ = {
			isa = PBXGroup;
			children = (
				D1C09379F856E0507BDF9EF3 /* Pods-Viper.debug.xcconfig */,
				37173E15DE534DFC94D250E0 /* Pods-Viper.release.xcconfig */,
			);
			path = Pods;
			sourceTree = "<group>";
		};
/* End PBXGroup section */

/* Begin PBXNativeTarget section */
		8A1C3FD82333801C004A98AB /* Viper */ = {
			isa = PBXNativeTarget;
			buildConfigurationList = 8A1C3FEC2333801C004A98AB /* Build configuration list for PBXNativeTarget "Viper" */;
			buildPhases = (
				8BD03623B60405928E1A86AE /* [CP] Check Pods Manifest.lock */,
				8A1C3FD52333801C004A98AB /* Sources */,
				8A1C3FD62333801C004A98AB /* Frameworks */,
				8A1C3FD72333801C004A98AB /* Resources */,
				8F6D2E32BA06B3EE01D19024 /* [CP] Embed Pods Frameworks */,
			);
			buildRules = (
			);
			dependencies = (
			);
			name = Viper;
			productName = Viper;
			productReference = 8A1C3FD92333801C004A98AB /* Viper.app */;
			productType = "com.apple.product-type.application";
		};
/* End PBXNativeTarget section */

/* Begin PBXProject section */
		8A1C3FD12333801C004A98AB /* Project object */ = {
			isa = PBXProject;
			attributes = {
				LastSwiftUpdateCheck = 1030;
				LastUpgradeCheck = 1030;
				ORGANIZATIONNAME = "Selim KURNAZ";
				TargetAttributes = {
					8A1C3FD82333801C004A98AB = {
						CreatedOnToolsVersion = 10.3;
					};
				};
			};
			buildConfigurationList = 8A1C3FD42333801C004A98AB /* Build configuration list for PBXProject "Viper" */;
			compatibilityVersion = "Xcode 9.3";
			developmentRegion = en;
			hasScannedForEncodings = 0;
			knownRegions = (
				en,
				Base,
			);
			mainGroup = 8A1C3FD02333801C004A98AB;
			productRefGroup = 8A1C3FDA2333801C004A98AB /* Products */;
			projectDirPath = "";
			projectRoot = "";
			targets = (
				8A1C3FD82333801C004A98AB /* Viper */,
			);
		};
/* End PBXProject section */

/* Begin PBXResourcesBuildPhase section */
		8A1C3FD72333801C004A98AB /* Resources */ = {
			isa = PBXResourcesBuildPhase;
			buildActionMask = 2147483647;
			files = (
				8A1C3FE42333801C004A98AB /* Assets.xcassets in Resources */,
				8A1C3FF723338700004A98AB /* Presenter.mustache in Resources */,
				8A1C3FE72333801C004A98AB /* Main.storyboard in Resources */,
				8A1C3FF5233386ED004A98AB /* Interactor.mustache in Resources */,
				8A1C3FFF233387BB004A98AB /* InteractorIO.mustache in Resources */,
				8A1C400323339135004A98AB /* BackHandler.mustache in Resources */,
				8A1C3FF12333826B004A98AB /* Wireframe.mustache in Resources */,
				8A1C3FF923338715004A98AB /* ViewController.mustache in Resources */,
				8A1C4001233387D4004A98AB /* ViewInterface.mustache in Resources */,
				8A1C3FFB23338775004A98AB /* ModuleInterface.mustache in Resources */,
			);
			runOnlyForDeploymentPostprocessing = 0;
		};
/* End PBXResourcesBuildPhase section */

/* Begin PBXShellScriptBuildPhase section */
		8BD03623B60405928E1A86AE /* [CP] Check Pods Manifest.lock */ = {
			isa = PBXShellScriptBuildPhase;
			buildActionMask = 2147483647;
			files = (
			);
			inputFileListPaths = (
			);
			inputPaths = (
				"${PODS_PODFILE_DIR_PATH}/Podfile.lock",
				"${PODS_ROOT}/Manifest.lock",
			);
			name = "[CP] Check Pods Manifest.lock";
			outputFileListPaths = (
			);
			outputPaths = (
				"$(DERIVED_FILE_DIR)/Pods-Viper-checkManifestLockResult.txt",
			);
			runOnlyForDeploymentPostprocessing = 0;
			shellPath = /bin/sh;
			shellScript = "diff \"${PODS_PODFILE_DIR_PATH}/Podfile.lock\" \"${PODS_ROOT}/Manifest.lock\" > /dev/null\nif [ $? != 0 ] ; then\n    # print error to STDERR\n    echo \"error: The sandbox is not in sync with the Podfile.lock. Run 'pod install' or update your CocoaPods installation.\" >&2\n    exit 1\nfi\n# This output is used by Xcode 'outputs' to avoid re-running this script phase.\necho \"SUCCESS\" > \"${SCRIPT_OUTPUT_FILE_0}\"\n";
			showEnvVarsInLog = 0;
		};
		8F6D2E32BA06B3EE01D19024 /* [CP] Embed Pods Frameworks */ = {
			isa = PBXShellScriptBuildPhase;
			buildActionMask = 2147483647;
			files = (
			);
			inputFileListPaths = (
				"${PODS_ROOT}/Target Support Files/Pods-Viper/Pods-Viper-frameworks-${CONFIGURATION}-input-files.xcfilelist",
			);
			name = "[CP] Embed Pods Frameworks";
			outputFileListPaths = (
				"${PODS_ROOT}/Target Support Files/Pods-Viper/Pods-Viper-frameworks-${CONFIGURATION}-output-files.xcfilelist",
			);
			runOnlyForDeploymentPostprocessing = 0;
			shellPath = /bin/sh;
			shellScript = "\"${PODS_ROOT}/Target Support Files/Pods-Viper/Pods-Viper-frameworks.sh\"\n";
			showEnvVarsInLog = 0;
		};
/* End PBXShellScriptBuildPhase section */

/* Begin PBXSourcesBuildPhase section */
		8A1C3FD52333801C004A98AB /* Sources */ = {
			isa = PBXSourcesBuildPhase;
			buildActionMask = 2147483647;
			files = (
				8A1C400623339280004A98AB /* FileCreator.swift in Sources */,
				8A1C400823339351004A98AB /* TemplateType.swift in Sources */,
				8A1C3FDF2333801C004A98AB /* ViewController.swift in Sources */,
				8A1C3FDD2333801C004A98AB /* AppDelegate.swift in Sources */,
				8A1C3FE22333801C004A98AB /* Viper.xcdatamodeld in Sources */,
			);
			runOnlyForDeploymentPostprocessing = 0;
		};
/* End PBXSourcesBuildPhase section */

/* Begin PBXVariantGroup section */
		8A1C3FE52333801C004A98AB /* Main.storyboard */ = {
			isa = PBXVariantGroup;
			children = (
				8A1C3FE62333801C004A98AB /* Base */,
			);
			name = Main.storyboard;
			sourceTree = "<group>";
		};
/* End PBXVariantGroup section */

/* Begin XCBuildConfiguration section */
		8A1C3FEA2333801C004A98AB /* Debug */ = {
			isa = XCBuildConfiguration;
			buildSettings = {
				ALWAYS_SEARCH_USER_PATHS = NO;
				CLANG_ANALYZER_NONNULL = YES;
				CLANG_ANALYZER_NUMBER_OBJECT_CONVERSION = YES_AGGRESSIVE;
				CLANG_CXX_LANGUAGE_STANDARD = "gnu++14";
				CLANG_CXX_LIBRARY = "libc++";
				CLANG_ENABLE_MODULES = YES;
				CLANG_ENABLE_OBJC_ARC = YES;
				CLANG_ENABLE_OBJC_WEAK = YES;
				CLANG_WARN_BLOCK_CAPTURE_AUTORELEASING = YES;
				CLANG_WARN_BOOL_CONVERSION = YES;
				CLANG_WARN_COMMA = YES;
				CLANG_WARN_CONSTANT_CONVERSION = YES;
				CLANG_WARN_DEPRECATED_OBJC_IMPLEMENTATIONS = YES;
				CLANG_WARN_DIRECT_OBJC_ISA_USAGE = YES_ERROR;
				CLANG_WARN_DOCUMENTATION_COMMENTS = YES;
				CLANG_WARN_EMPTY_BODY = YES;
				CLANG_WARN_ENUM_CONVERSION = YES;
				CLANG_WARN_INFINITE_RECURSION = YES;
				CLANG_WARN_INT_CONVERSION = YES;
				CLANG_WARN_NON_LITERAL_NULL_CONVERSION = YES;
				CLANG_WARN_OBJC_IMPLICIT_RETAIN_SELF = YES;
				CLANG_WARN_OBJC_LITERAL_CONVERSION = YES;
				CLANG_WARN_OBJC_ROOT_CLASS = YES_ERROR;
				CLANG_WARN_RANGE_LOOP_ANALYSIS = YES;
				CLANG_WARN_STRICT_PROTOTYPES = YES;
				CLANG_WARN_SUSPICIOUS_MOVE = YES;
				CLANG_WARN_UNGUARDED_AVAILABILITY = YES_AGGRESSIVE;
				CLANG_WARN_UNREACHABLE_CODE = YES;
				CLANG_WARN__DUPLICATE_METHOD_MATCH = YES;
				CODE_SIGN_IDENTITY = "-";
				COPY_PHASE_STRIP = NO;
				DEBUG_INFORMATION_FORMAT = dwarf;
				ENABLE_STRICT_OBJC_MSGSEND = YES;
				ENABLE_TESTABILITY = YES;
				GCC_C_LANGUAGE_STANDARD = gnu11;
				GCC_DYNAMIC_NO_PIC = NO;
				GCC_NO_COMMON_BLOCKS = YES;
				GCC_OPTIMIZATION_LEVEL = 0;
				GCC_PREPROCESSOR_DEFINITIONS = (
					"DEBUG=1",
					"$(inherited)",
				);
				GCC_WARN_64_TO_32_BIT_CONVERSION = YES;
				GCC_WARN_ABOUT_RETURN_TYPE = YES_ERROR;
				GCC_WARN_UNDECLARED_SELECTOR = YES;
				GCC_WARN_UNINITIALIZED_AUTOS = YES_AGGRESSIVE;
				GCC_WARN_UNUSED_FUNCTION = YES;
				GCC_WARN_UNUSED_VARIABLE = YES;
				MACOSX_DEPLOYMENT_TARGET = 10.14;
				MTL_ENABLE_DEBUG_INFO = INCLUDE_SOURCE;
				MTL_FAST_MATH = YES;
				ONLY_ACTIVE_ARCH = YES;
				SDKROOT = macosx;
				SWIFT_ACTIVE_COMPILATION_CONDITIONS = DEBUG;
				SWIFT_OPTIMIZATION_LEVEL = "-Onone";
			};
			name = Debug;
		};
		8A1C3FEB2333801C004A98AB /* Release */ = {
			isa = XCBuildConfiguration;
			buildSettings = {
				ALWAYS_SEARCH_USER_PATHS = NO;
				CLANG_ANALYZER_NONNULL = YES;
				CLANG_ANALYZER_NUMBER_OBJECT_CONVERSION = YES_AGGRESSIVE;
				CLANG_CXX_LANGUAGE_STANDARD = "gnu++14";
				CLANG_CXX_LIBRARY = "libc++";
				CLANG_ENABLE_MODULES = YES;
				CLANG_ENABLE_OBJC_ARC = YES;
				CLANG_ENABLE_OBJC_WEAK = YES;
				CLANG_WARN_BLOCK_CAPTURE_AUTORELEASING = YES;
				CLANG_WARN_BOOL_CONVERSION = YES;
				CLANG_WARN_COMMA = YES;
				CLANG_WARN_CONSTANT_CONVERSION = YES;
				CLANG_WARN_DEPRECATED_OBJC_IMPLEMENTATIONS = YES;
				CLANG_WARN_DIRECT_OBJC_ISA_USAGE = YES_ERROR;
				CLANG_WARN_DOCUMENTATION_COMMENTS = YES;
				CLANG_WARN_EMPTY_BODY = YES;
				CLANG_WARN_ENUM_CONVERSION = YES;
				CLANG_WARN_INFINITE_RECURSION = YES;
				CLANG_WARN_INT_CONVERSION = YES;
				CLANG_WARN_NON_LITERAL_NULL_CONVERSION = YES;
				CLANG_WARN_OBJC_IMPLICIT_RETAIN_SELF = YES;
				CLANG_WARN_OBJC_LITERAL_CONVERSION = YES;
				CLANG_WARN_OBJC_ROOT_CLASS = YES_ERROR;
				CLANG_WARN_RANGE_LOOP_ANALYSIS = YES;
				CLANG_WARN_STRICT_PROTOTYPES = YES;
				CLANG_WARN_SUSPICIOUS_MOVE = YES;
				CLANG_WARN_UNGUARDED_AVAILABILITY = YES_AGGRESSIVE;
				CLANG_WARN_UNREACHABLE_CODE = YES;
				CLANG_WARN__DUPLICATE_METHOD_MATCH = YES;
				CODE_SIGN_IDENTITY = "-";
				COPY_PHASE_STRIP = NO;
				DEBUG_INFORMATION_FORMAT = "dwarf-with-dsym";
				ENABLE_NS_ASSERTIONS = NO;
				ENABLE_STRICT_OBJC_MSGSEND = YES;
				GCC_C_LANGUAGE_STANDARD = gnu11;
				GCC_NO_COMMON_BLOCKS = YES;
				GCC_WARN_64_TO_32_BIT_CONVERSION = YES;
				GCC_WARN_ABOUT_RETURN_TYPE = YES_ERROR;
				GCC_WARN_UNDECLARED_SELECTOR = YES;
				GCC_WARN_UNINITIALIZED_AUTOS = YES_AGGRESSIVE;
				GCC_WARN_UNUSED_FUNCTION = YES;
				GCC_WARN_UNUSED_VARIABLE = YES;
				MACOSX_DEPLOYMENT_TARGET = 10.14;
				MTL_ENABLE_DEBUG_INFO = NO;
				MTL_FAST_MATH = YES;
				SDKROOT = macosx;
				SWIFT_COMPILATION_MODE = wholemodule;
				SWIFT_OPTIMIZATION_LEVEL = "-O";
			};
			name = Release;
		};
		8A1C3FED2333801C004A98AB /* Debug */ = {
			isa = XCBuildConfiguration;
			baseConfigurationReference = D1C09379F856E0507BDF9EF3 /* Pods-Viper.debug.xcconfig */;
			buildSettings = {
				ASSETCATALOG_COMPILER_APPICON_NAME = AppIcon;
				CODE_SIGN_STYLE = Automatic;
				COMBINE_HIDPI_IMAGES = YES;
				INFOPLIST_FILE = Viper/Info.plist;
				LD_RUNPATH_SEARCH_PATHS = (
					"$(inherited)",
					"@executable_path/../Frameworks",
				);
				PRODUCT_BUNDLE_IDENTIFIER = io.algebrain.vipergenerator.Viper;
				PRODUCT_NAME = "$(TARGET_NAME)";
				SWIFT_VERSION = 5.0;
			};
			name = Debug;
		};
		8A1C3FEE2333801C004A98AB /* Release */ = {
			isa = XCBuildConfiguration;
			baseConfigurationReference = 37173E15DE534DFC94D250E0 /* Pods-Viper.release.xcconfig */;
			buildSettings = {
				ASSETCATALOG_COMPILER_APPICON_NAME = AppIcon;
				CODE_SIGN_STYLE = Automatic;
				COMBINE_HIDPI_IMAGES = YES;
				INFOPLIST_FILE = Viper/Info.plist;
				LD_RUNPATH_SEARCH_PATHS = (
					"$(inherited)",
					"@executable_path/../Frameworks",
				);
				PRODUCT_BUNDLE_IDENTIFIER = io.algebrain.vipergenerator.Viper;
				PRODUCT_NAME = "$(TARGET_NAME)";
				SWIFT_VERSION = 5.0;
			};
			name = Release;
		};
/* End XCBuildConfiguration section */

/* Begin XCConfigurationList section */
		8A1C3FD42333801C004A98AB /* Build configuration list for PBXProject "Viper" */ = {
			isa = XCConfigurationList;
			buildConfigurations = (
				8A1C3FEA2333801C004A98AB /* Debug */,
				8A1C3FEB2333801C004A98AB /* Release */,
			);
			defaultConfigurationIsVisible = 0;
			defaultConfigurationName = Release;
		};
		8A1C3FEC2333801C004A98AB /* Build configuration list for PBXNativeTarget "Viper" */ = {
			isa = XCConfigurationList;
			buildConfigurations = (
				8A1C3FED2333801C004A98AB /* Debug */,
				8A1C3FEE2333801C004A98AB /* Release */,
			);
			defaultConfigurationIsVisible = 0;
			defaultConfigurationName = Release;
		};
/* End XCConfigurationList section */

/* Begin XCVersionGroup section */
		8A1C3FE02333801C004A98AB /* Viper.xcdatamodeld */ = {
			isa = XCVersionGroup;
			children = (
				8A1C3FE12333801C004A98AB /* Viper.xcdatamodel */,
			);
			currentVersion = 8A1C3FE12333801C004A98AB /* Viper.xcdatamodel */;
			path = Viper.xcdatamodeld;
			sourceTree = "<group>";
			versionGroupType = wrapper.xcdatamodel;
		};
/* End XCVersionGroup section */
	};
	rootObject = 8A1C3FD12333801C004A98AB /* Project object */;
}
